
Microsoft Visual Studio Solution File, Format Version 12.00
# Visual Studio Version 17
VisualStudioVersion = 17.6.33801.468
MinimumVisualStudioVersion = 10.0.40219.1
Project("{FAE04EC0-301F-11D3-BF4B-00C04F79EFBC}") = "01. Series Calculator", "01. Series Calculator\01. Series Calculator.csproj", "{973D3172-45B7-4CC5-9FF1-21F4C1B18AF2}"
EndProject
Project("{FAE04EC0-301F-11D3-BF4B-00C04F79EFBC}") = "02 Skeleton", "02. Movie Day\02 Skeleton.csproj", "{8CB33CC8-1B31-4B8F-9784-A5E72E76BA02}"
EndProject
Project("{FAE04EC0-301F-11D3-BF4B-00C04F79EFBC}") = "03. Painting Eggs", "03. Painting Eggs\03. Painting Eggs.csproj", "{E33CC7BD-E547-454F-9761-301F5FAC9068}"
EndProject
Project("{FAE04EC0-301F-11D3-BF4B-00C04F79EFBC}") = "04. Balls", "04. Balls\04. Balls.csproj", "{BA39B7A2-14D8-4054-92C2-6F652D7E45A5}"
EndProject
Project("{FAE04EC0-301F-11D3-BF4B-00C04F79EFBC}") = "05. Care of Puppy", "05. Care of Puppy\05. Care of Puppy.csproj", "{067F2CF9-2676-4C28-A02D-C1046AEA1D30}"
EndProject
Project("{FAE04EC0-301F-11D3-BF4B-00C04F79EFBC}") = "06. Easter Competition", "06. Easter Competition\06. Easter Competition.csproj", "{7BA631E9-E8B9-476C-9339-79AB122AF30C}"
EndProject
Global
	GlobalSection(SolutionConfigurationPlatforms) = preSolution
		Debug|Any CPU = Debug|Any CPU
		Release|Any CPU = Release|Any CPU
	EndGlobalSection
	GlobalSection(ProjectConfigurationPlatforms) = postSolution
		{973D3172-45B7-4CC5-9FF1-21F4C1B18AF2}.Debug|Any CPU.ActiveCfg = Debug|Any CPU
		{973D3172-45B7-4CC5-9FF1-21F4C1B18AF2}.Debug|Any CPU.Build.0 = Debug|Any CPU
		{973D3172-45B7-4CC5-9FF1-21F4C1B18AF2}.Release|Any CPU.ActiveCfg = Release|Any CPU
		{973D3172-45B7-4CC5-9FF1-21F4C1B18AF2}.Release|Any CPU.Build.0 = Release|Any CPU
		{8CB33CC8-1B31-4B8F-9784-A5E72E76BA02}.Debug|Any CPU.ActiveCfg = Debug|Any CPU
		{8CB33CC8-1B31-4B8F-9784-A5E72E76BA02}.Debug|Any CPU.Build.0 = Debug|Any CPU
		{8CB33CC8-1B31-4B8F-9784-A5E72E76BA02}.Release|Any CPU.ActiveCfg = Release|Any CPU
		{8CB33CC8-1B31-4B8F-9784-A5E72E76BA02}.Release|Any CPU.Build.0 = Release|Any CPU
		{E33CC7BD-E547-454F-9761-301F5FAC9068}.Debug|Any CPU.ActiveCfg = Debug|Any CPU
		{E33CC7BD-E547-454F-9761-301F5FAC9068}.Debug|Any CPU.Build.0 = Debug|Any CPU
		{E33CC7BD-E547-454F-9761-301F5FAC9068}.Release|Any CPU.ActiveCfg = Release|Any CPU
		{E33CC7BD-E547-454F-9761-301F5FAC9068}.Release|Any CPU.Build.0 = Release|Any CPU
		{BA39B7A2-14D8-4054-92C2-6F652D7E45A5}.Debug|Any CPU.ActiveCfg = Debug|Any CPU
		{BA39B7A2-14D8-4054-92C2-6F652D7E45A5}.Debug|Any CPU.Build.0 = Debug|Any CPU
		{BA39B7A2-14D8-4054-92C2-6F652D7E45A5}.Release|Any CPU.ActiveCfg = Release|Any CPU
		{BA39B7A2-14D8-4054-92C2-6F652D7E45A5}.Release|Any CPU.Build.0 = Release|Any CPU
		{067F2CF9-2676-4C28-A02D-C1046AEA1D30}.Debug|Any CPU.ActiveCfg = Debug|Any CPU
		{067F2CF9-2676-4C28-A02D-C1046AEA1D30}.Debug|Any CPU.Build.0 = Debug|Any CPU
		{067F2CF9-2676-4C28-A02D-C1046AEA1D30}.Release|Any CPU.ActiveCfg = Release|Any CPU
		{067F2CF9-2676-4C28-A02D-C1046AEA1D30}.Release|Any CPU.Build.0 = Release|Any CPU
		{7BA631E9-E8B9-476C-9339-79AB122AF30C}.Debug|Any CPU.ActiveCfg = Debug|Any CPU
		{7BA631E9-E8B9-476C-9339-79AB122AF30C}.Debug|Any CPU.Build.0 = Debug|Any CPU
		{7BA631E9-E8B9-476C-9339-79AB122AF30C}.Release|Any CPU.ActiveCfg = Release|Any CPU
		{7BA631E9-E8B9-476C-9339-79AB122AF30C}.Release|Any CPU.Build.0 = Release|Any CPU
	EndGlobalSection
	GlobalSection(SolutionProperties) = preSolution
		HideSolutionNode = FALSE
	EndGlobalSection
	GlobalSection(ExtensibilityGlobals) = postSolution
		SolutionGuid = {7FEF67A2-8704-4342-A7E6-724719AD461A}
	EndGlobalSection
EndGlobal
