
Microsoft Visual Studio Solution File, Format Version 12.00
# Visual Studio Version 17
VisualStudioVersion = 17.7.34202.233
MinimumVisualStudioVersion = 10.0.40219.1
Project("{FAE04EC0-301F-11D3-BF4B-00C04F79EFBC}") = "01. Square Root", "01. Square Root\01. Square Root.csproj", "{D415B710-6FFD-4913-9533-930EE3C58613}"
EndProject
Project("{FAE04EC0-301F-11D3-BF4B-00C04F79EFBC}") = "02. Enter Numbers", "02. Enter Numbers\02. Enter Numbers.csproj", "{904D7D4C-72A6-4C49-B2D8-787E0D065083}"
EndProject
Project("{FAE04EC0-301F-11D3-BF4B-00C04F79EFBC}") = "03. Cards", "03. Cards\03. Cards.csproj", "{DFB275F4-67A8-4118-9AA7-75CEBDE30DED}"
EndProject
Global
	GlobalSection(SolutionConfigurationPlatforms) = preSolution
		Debug|Any CPU = Debug|Any CPU
		Release|Any CPU = Release|Any CPU
	EndGlobalSection
	GlobalSection(ProjectConfigurationPlatforms) = postSolution
		{D415B710-6FFD-4913-9533-930EE3C58613}.Debug|Any CPU.ActiveCfg = Debug|Any CPU
		{D415B710-6FFD-4913-9533-930EE3C58613}.Debug|Any CPU.Build.0 = Debug|Any CPU
		{D415B710-6FFD-4913-9533-930EE3C58613}.Release|Any CPU.ActiveCfg = Release|Any CPU
		{D415B710-6FFD-4913-9533-930EE3C58613}.Release|Any CPU.Build.0 = Release|Any CPU
		{904D7D4C-72A6-4C49-B2D8-787E0D065083}.Debug|Any CPU.ActiveCfg = Debug|Any CPU
		{904D7D4C-72A6-4C49-B2D8-787E0D065083}.Debug|Any CPU.Build.0 = Debug|Any CPU
		{904D7D4C-72A6-4C49-B2D8-787E0D065083}.Release|Any CPU.ActiveCfg = Release|Any CPU
		{904D7D4C-72A6-4C49-B2D8-787E0D065083}.Release|Any CPU.Build.0 = Release|Any CPU
		{DFB275F4-67A8-4118-9AA7-75CEBDE30DED}.Debug|Any CPU.ActiveCfg = Debug|Any CPU
		{DFB275F4-67A8-4118-9AA7-75CEBDE30DED}.Debug|Any CPU.Build.0 = Debug|Any CPU
		{DFB275F4-67A8-4118-9AA7-75CEBDE30DED}.Release|Any CPU.ActiveCfg = Release|Any CPU
		{DFB275F4-67A8-4118-9AA7-75CEBDE30DED}.Release|Any CPU.Build.0 = Release|Any CPU
	EndGlobalSection
	GlobalSection(SolutionProperties) = preSolution
		HideSolutionNode = FALSE
	EndGlobalSection
	GlobalSection(ExtensibilityGlobals) = postSolution
		SolutionGuid = {E37B4F22-F0B6-48B2-BB87-4FD51A0D15A7}
	EndGlobalSection
EndGlobal
