
Microsoft Visual Studio Solution File, Format Version 12.00
# Visual Studio Version 17
VisualStudioVersion = 17.7.34202.233
MinimumVisualStudioVersion = 10.0.40219.1
Project("{FAE04EC0-301F-11D3-BF4B-00C04F79EFBC}") = "01. Temple of Doom", "01. Temple of Doom\01. Temple of Doom.csproj", "{8BE6C3D0-39EC-41A5-880D-8981B7D19F1A}"
EndProject
Project("{FAE04EC0-301F-11D3-BF4B-00C04F79EFBC}") = "02. Mouse In The Kitchen", "02. Mouse In The Kitchen\02. Mouse In The Kitchen.csproj", "{A9E8F281-CC8E-4AF2-996C-F7734FB977F4}"
EndProject
Global
	GlobalSection(SolutionConfigurationPlatforms) = preSolution
		Debug|Any CPU = Debug|Any CPU
		Release|Any CPU = Release|Any CPU
	EndGlobalSection
	GlobalSection(ProjectConfigurationPlatforms) = postSolution
		{8BE6C3D0-39EC-41A5-880D-8981B7D19F1A}.Debug|Any CPU.ActiveCfg = Debug|Any CPU
		{8BE6C3D0-39EC-41A5-880D-8981B7D19F1A}.Debug|Any CPU.Build.0 = Debug|Any CPU
		{8BE6C3D0-39EC-41A5-880D-8981B7D19F1A}.Release|Any CPU.ActiveCfg = Release|Any CPU
		{8BE6C3D0-39EC-41A5-880D-8981B7D19F1A}.Release|Any CPU.Build.0 = Release|Any CPU
		{A9E8F281-CC8E-4AF2-996C-F7734FB977F4}.Debug|Any CPU.ActiveCfg = Debug|Any CPU
		{A9E8F281-CC8E-4AF2-996C-F7734FB977F4}.Debug|Any CPU.Build.0 = Debug|Any CPU
		{A9E8F281-CC8E-4AF2-996C-F7734FB977F4}.Release|Any CPU.ActiveCfg = Release|Any CPU
		{A9E8F281-CC8E-4AF2-996C-F7734FB977F4}.Release|Any CPU.Build.0 = Release|Any CPU
	EndGlobalSection
	GlobalSection(SolutionProperties) = preSolution
		HideSolutionNode = FALSE
	EndGlobalSection
	GlobalSection(ExtensibilityGlobals) = postSolution
		SolutionGuid = {7F567667-A314-429E-A12F-C2BD54514600}
	EndGlobalSection
EndGlobal
