
Microsoft Visual Studio Solution File, Format Version 12.00
# Visual Studio Version 17
VisualStudioVersion = 17.6.33801.468
MinimumVisualStudioVersion = 10.0.40219.1
Project("{FAE04EC0-301F-11D3-BF4B-00C04F79EFBC}") = "01. Christmas Preparation", "01. Christmas Preparation\01. Christmas Preparation.csproj", "{B86164A3-AD6A-44CD-82FC-3E576AF397B6}"
EndProject
Project("{FAE04EC0-301F-11D3-BF4B-00C04F79EFBC}") = "02. Maiden Party", "02. Maiden Party\02. Maiden Party.csproj", "{4F139C74-4A30-489E-B3AC-B7DFBE878572}"
EndProject
Project("{FAE04EC0-301F-11D3-BF4B-00C04F79EFBC}") = "03. Final Competition", "03. Final Competition\03. Final Competition.csproj", "{99BDBC4B-1DB9-4225-910D-8756AD770D78}"
EndProject
Project("{FAE04EC0-301F-11D3-BF4B-00C04F79EFBC}") = "04. Computer Firm", "04. Computer Firm\04. Computer Firm.csproj", "{FB443D99-640D-4A9F-B5CF-ED1C6925175C}"
EndProject
Project("{FAE04EC0-301F-11D3-BF4B-00C04F79EFBC}") = "05. Best Player", "05. Best Player\05. Best Player.csproj", "{FA65DB1F-BD2A-446F-989A-3830A4F3F8CC}"
EndProject
Project("{FAE04EC0-301F-11D3-BF4B-00C04F79EFBC}") = "06. Sum And Product", "06. Sum And Product\06. Sum And Product.csproj", "{8603DBA4-763B-4A9B-A3DE-2751E3DD390B}"
EndProject
Global
	GlobalSection(SolutionConfigurationPlatforms) = preSolution
		Debug|Any CPU = Debug|Any CPU
		Release|Any CPU = Release|Any CPU
	EndGlobalSection
	GlobalSection(ProjectConfigurationPlatforms) = postSolution
		{B86164A3-AD6A-44CD-82FC-3E576AF397B6}.Debug|Any CPU.ActiveCfg = Debug|Any CPU
		{B86164A3-AD6A-44CD-82FC-3E576AF397B6}.Debug|Any CPU.Build.0 = Debug|Any CPU
		{B86164A3-AD6A-44CD-82FC-3E576AF397B6}.Release|Any CPU.ActiveCfg = Release|Any CPU
		{B86164A3-AD6A-44CD-82FC-3E576AF397B6}.Release|Any CPU.Build.0 = Release|Any CPU
		{4F139C74-4A30-489E-B3AC-B7DFBE878572}.Debug|Any CPU.ActiveCfg = Debug|Any CPU
		{4F139C74-4A30-489E-B3AC-B7DFBE878572}.Debug|Any CPU.Build.0 = Debug|Any CPU
		{4F139C74-4A30-489E-B3AC-B7DFBE878572}.Release|Any CPU.ActiveCfg = Release|Any CPU
		{4F139C74-4A30-489E-B3AC-B7DFBE878572}.Release|Any CPU.Build.0 = Release|Any CPU
		{99BDBC4B-1DB9-4225-910D-8756AD770D78}.Debug|Any CPU.ActiveCfg = Debug|Any CPU
		{99BDBC4B-1DB9-4225-910D-8756AD770D78}.Debug|Any CPU.Build.0 = Debug|Any CPU
		{99BDBC4B-1DB9-4225-910D-8756AD770D78}.Release|Any CPU.ActiveCfg = Release|Any CPU
		{99BDBC4B-1DB9-4225-910D-8756AD770D78}.Release|Any CPU.Build.0 = Release|Any CPU
		{FB443D99-640D-4A9F-B5CF-ED1C6925175C}.Debug|Any CPU.ActiveCfg = Debug|Any CPU
		{FB443D99-640D-4A9F-B5CF-ED1C6925175C}.Debug|Any CPU.Build.0 = Debug|Any CPU
		{FB443D99-640D-4A9F-B5CF-ED1C6925175C}.Release|Any CPU.ActiveCfg = Release|Any CPU
		{FB443D99-640D-4A9F-B5CF-ED1C6925175C}.Release|Any CPU.Build.0 = Release|Any CPU
		{FA65DB1F-BD2A-446F-989A-3830A4F3F8CC}.Debug|Any CPU.ActiveCfg = Debug|Any CPU
		{FA65DB1F-BD2A-446F-989A-3830A4F3F8CC}.Debug|Any CPU.Build.0 = Debug|Any CPU
		{FA65DB1F-BD2A-446F-989A-3830A4F3F8CC}.Release|Any CPU.ActiveCfg = Release|Any CPU
		{FA65DB1F-BD2A-446F-989A-3830A4F3F8CC}.Release|Any CPU.Build.0 = Release|Any CPU
		{8603DBA4-763B-4A9B-A3DE-2751E3DD390B}.Debug|Any CPU.ActiveCfg = Debug|Any CPU
		{8603DBA4-763B-4A9B-A3DE-2751E3DD390B}.Debug|Any CPU.Build.0 = Debug|Any CPU
		{8603DBA4-763B-4A9B-A3DE-2751E3DD390B}.Release|Any CPU.ActiveCfg = Release|Any CPU
		{8603DBA4-763B-4A9B-A3DE-2751E3DD390B}.Release|Any CPU.Build.0 = Release|Any CPU
	EndGlobalSection
	GlobalSection(SolutionProperties) = preSolution
		HideSolutionNode = FALSE
	EndGlobalSection
	GlobalSection(ExtensibilityGlobals) = postSolution
		SolutionGuid = {E24DD497-5528-4886-AE56-2F24A04B9957}
	EndGlobalSection
EndGlobal
