
Microsoft Visual Studio Solution File, Format Version 12.00
# Visual Studio Version 17
VisualStudioVersion = 17.7.34202.233
MinimumVisualStudioVersion = 10.0.40219.1
Project("{FAE04EC0-301F-11D3-BF4B-00C04F79EFBC}") = "1. Sum Matrix Elements", "1. Sum Matrix Elements\1. Sum Matrix Elements.csproj", "{3B641C99-E657-4C45-8488-521F842DEBE2}"
EndProject
Project("{FAE04EC0-301F-11D3-BF4B-00C04F79EFBC}") = "2. Sum Matrix Columns", "2. Sum Matrix Columns\2. Sum Matrix Columns.csproj", "{ED86E809-72EB-47F0-B770-AFABFA3BF9DE}"
EndProject
Project("{FAE04EC0-301F-11D3-BF4B-00C04F79EFBC}") = "3. Primary Diagonal", "3. Primary Diagonal\3. Primary Diagonal.csproj", "{27444815-2B60-4B7F-954F-CBBCAC2F8309}"
EndProject
Project("{FAE04EC0-301F-11D3-BF4B-00C04F79EFBC}") = "4. Symbol in Matrix", "4. Symbol in Matrix\4. Symbol in Matrix.csproj", "{3580D65C-E5C3-4146-825E-5D6A93A7A18E}"
EndProject
Project("{FAE04EC0-301F-11D3-BF4B-00C04F79EFBC}") = "5. Square With Maximum Sum", "5. Square With Maximum Sum\5. Square With Maximum Sum.csproj", "{5C20F283-D6B6-4BDB-A031-2FB2D1F439D8}"
EndProject
Global
	GlobalSection(SolutionConfigurationPlatforms) = preSolution
		Debug|Any CPU = Debug|Any CPU
		Release|Any CPU = Release|Any CPU
	EndGlobalSection
	GlobalSection(ProjectConfigurationPlatforms) = postSolution
		{3B641C99-E657-4C45-8488-521F842DEBE2}.Debug|Any CPU.ActiveCfg = Debug|Any CPU
		{3B641C99-E657-4C45-8488-521F842DEBE2}.Debug|Any CPU.Build.0 = Debug|Any CPU
		{3B641C99-E657-4C45-8488-521F842DEBE2}.Release|Any CPU.ActiveCfg = Release|Any CPU
		{3B641C99-E657-4C45-8488-521F842DEBE2}.Release|Any CPU.Build.0 = Release|Any CPU
		{ED86E809-72EB-47F0-B770-AFABFA3BF9DE}.Debug|Any CPU.ActiveCfg = Debug|Any CPU
		{ED86E809-72EB-47F0-B770-AFABFA3BF9DE}.Debug|Any CPU.Build.0 = Debug|Any CPU
		{ED86E809-72EB-47F0-B770-AFABFA3BF9DE}.Release|Any CPU.ActiveCfg = Release|Any CPU
		{ED86E809-72EB-47F0-B770-AFABFA3BF9DE}.Release|Any CPU.Build.0 = Release|Any CPU
		{27444815-2B60-4B7F-954F-CBBCAC2F8309}.Debug|Any CPU.ActiveCfg = Debug|Any CPU
		{27444815-2B60-4B7F-954F-CBBCAC2F8309}.Debug|Any CPU.Build.0 = Debug|Any CPU
		{27444815-2B60-4B7F-954F-CBBCAC2F8309}.Release|Any CPU.ActiveCfg = Release|Any CPU
		{27444815-2B60-4B7F-954F-CBBCAC2F8309}.Release|Any CPU.Build.0 = Release|Any CPU
		{3580D65C-E5C3-4146-825E-5D6A93A7A18E}.Debug|Any CPU.ActiveCfg = Debug|Any CPU
		{3580D65C-E5C3-4146-825E-5D6A93A7A18E}.Debug|Any CPU.Build.0 = Debug|Any CPU
		{3580D65C-E5C3-4146-825E-5D6A93A7A18E}.Release|Any CPU.ActiveCfg = Release|Any CPU
		{3580D65C-E5C3-4146-825E-5D6A93A7A18E}.Release|Any CPU.Build.0 = Release|Any CPU
		{5C20F283-D6B6-4BDB-A031-2FB2D1F439D8}.Debug|Any CPU.ActiveCfg = Debug|Any CPU
		{5C20F283-D6B6-4BDB-A031-2FB2D1F439D8}.Debug|Any CPU.Build.0 = Debug|Any CPU
		{5C20F283-D6B6-4BDB-A031-2FB2D1F439D8}.Release|Any CPU.ActiveCfg = Release|Any CPU
		{5C20F283-D6B6-4BDB-A031-2FB2D1F439D8}.Release|Any CPU.Build.0 = Release|Any CPU
	EndGlobalSection
	GlobalSection(SolutionProperties) = preSolution
		HideSolutionNode = FALSE
	EndGlobalSection
	GlobalSection(ExtensibilityGlobals) = postSolution
		SolutionGuid = {BE46810C-C6F1-4C99-8B03-F777B108198A}
	EndGlobalSection
EndGlobal
