
Microsoft Visual Studio Solution File, Format Version 12.00
# Visual Studio Version 17
VisualStudioVersion = 17.7.34202.233
MinimumVisualStudioVersion = 10.0.40219.1
Project("{FAE04EC0-301F-11D3-BF4B-00C04F79EFBC}") = "AcademicRecordsApp", "AcademicRecordsApp\AcademicRecordsApp.csproj", "{6CA99927-F1EF-4A8F-9B23-C486176F57D7}"
EndProject
Global
	GlobalSection(SolutionConfigurationPlatforms) = preSolution
		Debug|Any CPU = Debug|Any CPU
		Release|Any CPU = Release|Any CPU
	EndGlobalSection
	GlobalSection(ProjectConfigurationPlatforms) = postSolution
		{6CA99927-F1EF-4A8F-9B23-C486176F57D7}.Debug|Any CPU.ActiveCfg = Debug|Any CPU
		{6CA99927-F1EF-4A8F-9B23-C486176F57D7}.Debug|Any CPU.Build.0 = Debug|Any CPU
		{6CA99927-F1EF-4A8F-9B23-C486176F57D7}.Release|Any CPU.ActiveCfg = Release|Any CPU
		{6CA99927-F1EF-4A8F-9B23-C486176F57D7}.Release|Any CPU.Build.0 = Release|Any CPU
	EndGlobalSection
	GlobalSection(SolutionProperties) = preSolution
		HideSolutionNode = FALSE
	EndGlobalSection
	GlobalSection(ExtensibilityGlobals) = postSolution
		SolutionGuid = {79D8EAFA-9F85-45E4-9638-57E3D72F495A}
	EndGlobalSection
EndGlobal
