
Microsoft Visual Studio Solution File, Format Version 12.00
# Visual Studio Version 17
VisualStudioVersion = 17.7.34202.233
MinimumVisualStudioVersion = 10.0.40219.1
Project("{FAE04EC0-301F-11D3-BF4B-00C04F79EFBC}") = "Shapes", "Shapes\Shapes.csproj", "{BDEE0AE9-2C1F-408B-BBB3-77A26840D384}"
EndProject
Project("{FAE04EC0-301F-11D3-BF4B-00C04F79EFBC}") = "Cars", "Cars\Cars.csproj", "{CEE3E974-76BA-4F68-B41F-7A5FA9FB72B1}"
EndProject
Global
	GlobalSection(SolutionConfigurationPlatforms) = preSolution
		Debug|Any CPU = Debug|Any CPU
		Release|Any CPU = Release|Any CPU
	EndGlobalSection
	GlobalSection(ProjectConfigurationPlatforms) = postSolution
		{BDEE0AE9-2C1F-408B-BBB3-77A26840D384}.Debug|Any CPU.ActiveCfg = Debug|Any CPU
		{BDEE0AE9-2C1F-408B-BBB3-77A26840D384}.Debug|Any CPU.Build.0 = Debug|Any CPU
		{BDEE0AE9-2C1F-408B-BBB3-77A26840D384}.Release|Any CPU.ActiveCfg = Release|Any CPU
		{BDEE0AE9-2C1F-408B-BBB3-77A26840D384}.Release|Any CPU.Build.0 = Release|Any CPU
		{CEE3E974-76BA-4F68-B41F-7A5FA9FB72B1}.Debug|Any CPU.ActiveCfg = Debug|Any CPU
		{CEE3E974-76BA-4F68-B41F-7A5FA9FB72B1}.Debug|Any CPU.Build.0 = Debug|Any CPU
		{CEE3E974-76BA-4F68-B41F-7A5FA9FB72B1}.Release|Any CPU.ActiveCfg = Release|Any CPU
		{CEE3E974-76BA-4F68-B41F-7A5FA9FB72B1}.Release|Any CPU.Build.0 = Release|Any CPU
	EndGlobalSection
	GlobalSection(SolutionProperties) = preSolution
		HideSolutionNode = FALSE
	EndGlobalSection
	GlobalSection(ExtensibilityGlobals) = postSolution
		SolutionGuid = {3CB15128-C7DD-49A6-98EE-B73ACA747C65}
	EndGlobalSection
EndGlobal
