
Microsoft Visual Studio Solution File, Format Version 12.00
# Visual Studio Version 17
VisualStudioVersion = 17.7.34202.233
MinimumVisualStudioVersion = 10.0.40219.1
Project("{FAE04EC0-301F-11D3-BF4B-00C04F79EFBC}") = "01. Odd Lines", "01. Odd Lines\01. Odd Lines.csproj", "{FCDFE392-AC78-468C-A82F-3ECB89DDC3D7}"
EndProject
Project("{FAE04EC0-301F-11D3-BF4B-00C04F79EFBC}") = "02. Line Numbers", "02. Line Numbers\02. Line Numbers.csproj", "{BD38AA87-D713-4403-9808-B0FB768E7E2B}"
EndProject
Project("{FAE04EC0-301F-11D3-BF4B-00C04F79EFBC}") = "07. Folder Size", "07. Folder Size\07. Folder Size.csproj", "{360C2323-42EA-4C13-826C-B25A9F02FEAC}"
EndProject
Global
	GlobalSection(SolutionConfigurationPlatforms) = preSolution
		Debug|Any CPU = Debug|Any CPU
		Release|Any CPU = Release|Any CPU
	EndGlobalSection
	GlobalSection(ProjectConfigurationPlatforms) = postSolution
		{FCDFE392-AC78-468C-A82F-3ECB89DDC3D7}.Debug|Any CPU.ActiveCfg = Debug|Any CPU
		{FCDFE392-AC78-468C-A82F-3ECB89DDC3D7}.Debug|Any CPU.Build.0 = Debug|Any CPU
		{FCDFE392-AC78-468C-A82F-3ECB89DDC3D7}.Release|Any CPU.ActiveCfg = Release|Any CPU
		{FCDFE392-AC78-468C-A82F-3ECB89DDC3D7}.Release|Any CPU.Build.0 = Release|Any CPU
		{BD38AA87-D713-4403-9808-B0FB768E7E2B}.Debug|Any CPU.ActiveCfg = Debug|Any CPU
		{BD38AA87-D713-4403-9808-B0FB768E7E2B}.Debug|Any CPU.Build.0 = Debug|Any CPU
		{BD38AA87-D713-4403-9808-B0FB768E7E2B}.Release|Any CPU.ActiveCfg = Release|Any CPU
		{BD38AA87-D713-4403-9808-B0FB768E7E2B}.Release|Any CPU.Build.0 = Release|Any CPU
		{360C2323-42EA-4C13-826C-B25A9F02FEAC}.Debug|Any CPU.ActiveCfg = Debug|Any CPU
		{360C2323-42EA-4C13-826C-B25A9F02FEAC}.Debug|Any CPU.Build.0 = Debug|Any CPU
		{360C2323-42EA-4C13-826C-B25A9F02FEAC}.Release|Any CPU.ActiveCfg = Release|Any CPU
		{360C2323-42EA-4C13-826C-B25A9F02FEAC}.Release|Any CPU.Build.0 = Release|Any CPU
	EndGlobalSection
	GlobalSection(SolutionProperties) = preSolution
		HideSolutionNode = FALSE
	EndGlobalSection
	GlobalSection(ExtensibilityGlobals) = postSolution
		SolutionGuid = {27F6146B-2C08-4AA6-9AE3-D27E3EF2E741}
	EndGlobalSection
EndGlobal
