
Microsoft Visual Studio Solution File, Format Version 12.00
# Visual Studio Version 17
VisualStudioVersion = 17.7.34202.233
MinimumVisualStudioVersion = 10.0.40219.1
Project("{FAE04EC0-301F-11D3-BF4B-00C04F79EFBC}") = "01. Reverse Strings", "01. Reverse Strings\01. Reverse Strings.csproj", "{EA6BE677-6B61-4052-B833-F9FBAB1C18A8}"
EndProject
Project("{FAE04EC0-301F-11D3-BF4B-00C04F79EFBC}") = "02. Repeat Strings", "02. Repeat Strings\02. Repeat Strings.csproj", "{4ACDC941-B03E-4E98-830D-88DC5749DB2A}"
EndProject
Project("{FAE04EC0-301F-11D3-BF4B-00C04F79EFBC}") = "03. Substring", "03. Substring\03. Substring.csproj", "{6061AAFB-0D95-4664-924F-4FE9805DBE4E}"
EndProject
Project("{FAE04EC0-301F-11D3-BF4B-00C04F79EFBC}") = "04. Text Filter", "04. Text Filter\04. Text Filter.csproj", "{4E11E8D5-8114-4BFC-BA5B-75A9311B56F6}"
EndProject
Project("{FAE04EC0-301F-11D3-BF4B-00C04F79EFBC}") = "05. Digits, Letters and Other", "05. Digits, Letters and Other\05. Digits, Letters and Other.csproj", "{D684EB50-A482-4FC2-B9A8-E3465F624817}"
EndProject
Global
	GlobalSection(SolutionConfigurationPlatforms) = preSolution
		Debug|Any CPU = Debug|Any CPU
		Release|Any CPU = Release|Any CPU
	EndGlobalSection
	GlobalSection(ProjectConfigurationPlatforms) = postSolution
		{EA6BE677-6B61-4052-B833-F9FBAB1C18A8}.Debug|Any CPU.ActiveCfg = Debug|Any CPU
		{EA6BE677-6B61-4052-B833-F9FBAB1C18A8}.Debug|Any CPU.Build.0 = Debug|Any CPU
		{EA6BE677-6B61-4052-B833-F9FBAB1C18A8}.Release|Any CPU.ActiveCfg = Release|Any CPU
		{EA6BE677-6B61-4052-B833-F9FBAB1C18A8}.Release|Any CPU.Build.0 = Release|Any CPU
		{4ACDC941-B03E-4E98-830D-88DC5749DB2A}.Debug|Any CPU.ActiveCfg = Debug|Any CPU
		{4ACDC941-B03E-4E98-830D-88DC5749DB2A}.Debug|Any CPU.Build.0 = Debug|Any CPU
		{4ACDC941-B03E-4E98-830D-88DC5749DB2A}.Release|Any CPU.ActiveCfg = Release|Any CPU
		{4ACDC941-B03E-4E98-830D-88DC5749DB2A}.Release|Any CPU.Build.0 = Release|Any CPU
		{6061AAFB-0D95-4664-924F-4FE9805DBE4E}.Debug|Any CPU.ActiveCfg = Debug|Any CPU
		{6061AAFB-0D95-4664-924F-4FE9805DBE4E}.Debug|Any CPU.Build.0 = Debug|Any CPU
		{6061AAFB-0D95-4664-924F-4FE9805DBE4E}.Release|Any CPU.ActiveCfg = Release|Any CPU
		{6061AAFB-0D95-4664-924F-4FE9805DBE4E}.Release|Any CPU.Build.0 = Release|Any CPU
		{4E11E8D5-8114-4BFC-BA5B-75A9311B56F6}.Debug|Any CPU.ActiveCfg = Debug|Any CPU
		{4E11E8D5-8114-4BFC-BA5B-75A9311B56F6}.Debug|Any CPU.Build.0 = Debug|Any CPU
		{4E11E8D5-8114-4BFC-BA5B-75A9311B56F6}.Release|Any CPU.ActiveCfg = Release|Any CPU
		{4E11E8D5-8114-4BFC-BA5B-75A9311B56F6}.Release|Any CPU.Build.0 = Release|Any CPU
		{D684EB50-A482-4FC2-B9A8-E3465F624817}.Debug|Any CPU.ActiveCfg = Debug|Any CPU
		{D684EB50-A482-4FC2-B9A8-E3465F624817}.Debug|Any CPU.Build.0 = Debug|Any CPU
		{D684EB50-A482-4FC2-B9A8-E3465F624817}.Release|Any CPU.ActiveCfg = Release|Any CPU
		{D684EB50-A482-4FC2-B9A8-E3465F624817}.Release|Any CPU.Build.0 = Release|Any CPU
	EndGlobalSection
	GlobalSection(SolutionProperties) = preSolution
		HideSolutionNode = FALSE
	EndGlobalSection
	GlobalSection(ExtensibilityGlobals) = postSolution
		SolutionGuid = {25F7CCBE-9730-4AF1-A2DE-07B9640A87B1}
	EndGlobalSection
EndGlobal
