
Microsoft Visual Studio Solution File, Format Version 12.00
# Visual Studio Version 17
VisualStudioVersion = 17.7.34202.233
MinimumVisualStudioVersion = 10.0.40219.1
Project("{FAE04EC0-301F-11D3-BF4B-00C04F79EFBC}") = "Person", "Person\Person.csproj", "{0721D807-40C7-450D-A3B1-698E2851C414}"
EndProject
Project("{FAE04EC0-301F-11D3-BF4B-00C04F79EFBC}") = "Zoo", "Zoo\Zoo.csproj", "{68F1D581-A8B0-41B4-8B71-544A60283FE4}"
EndProject
Project("{FAE04EC0-301F-11D3-BF4B-00C04F79EFBC}") = "PlayersAndMonsters", "PlayersAndMonsters\PlayersAndMonsters.csproj", "{0CB0F313-645A-4EF9-B00A-FFB6D8997A05}"
EndProject
Project("{FAE04EC0-301F-11D3-BF4B-00C04F79EFBC}") = "NeedForSpeed", "NeedForSpeed\NeedForSpeed.csproj", "{02C4F66A-2610-46F9-96FC-4A86281B374F}"
EndProject
Global
	GlobalSection(SolutionConfigurationPlatforms) = preSolution
		Debug|Any CPU = Debug|Any CPU
		Release|Any CPU = Release|Any CPU
	EndGlobalSection
	GlobalSection(ProjectConfigurationPlatforms) = postSolution
		{0721D807-40C7-450D-A3B1-698E2851C414}.Debug|Any CPU.ActiveCfg = Debug|Any CPU
		{0721D807-40C7-450D-A3B1-698E2851C414}.Debug|Any CPU.Build.0 = Debug|Any CPU
		{0721D807-40C7-450D-A3B1-698E2851C414}.Release|Any CPU.ActiveCfg = Release|Any CPU
		{0721D807-40C7-450D-A3B1-698E2851C414}.Release|Any CPU.Build.0 = Release|Any CPU
		{68F1D581-A8B0-41B4-8B71-544A60283FE4}.Debug|Any CPU.ActiveCfg = Debug|Any CPU
		{68F1D581-A8B0-41B4-8B71-544A60283FE4}.Debug|Any CPU.Build.0 = Debug|Any CPU
		{68F1D581-A8B0-41B4-8B71-544A60283FE4}.Release|Any CPU.ActiveCfg = Release|Any CPU
		{68F1D581-A8B0-41B4-8B71-544A60283FE4}.Release|Any CPU.Build.0 = Release|Any CPU
		{0CB0F313-645A-4EF9-B00A-FFB6D8997A05}.Debug|Any CPU.ActiveCfg = Debug|Any CPU
		{0CB0F313-645A-4EF9-B00A-FFB6D8997A05}.Debug|Any CPU.Build.0 = Debug|Any CPU
		{0CB0F313-645A-4EF9-B00A-FFB6D8997A05}.Release|Any CPU.ActiveCfg = Release|Any CPU
		{0CB0F313-645A-4EF9-B00A-FFB6D8997A05}.Release|Any CPU.Build.0 = Release|Any CPU
		{02C4F66A-2610-46F9-96FC-4A86281B374F}.Debug|Any CPU.ActiveCfg = Debug|Any CPU
		{02C4F66A-2610-46F9-96FC-4A86281B374F}.Debug|Any CPU.Build.0 = Debug|Any CPU
		{02C4F66A-2610-46F9-96FC-4A86281B374F}.Release|Any CPU.ActiveCfg = Release|Any CPU
		{02C4F66A-2610-46F9-96FC-4A86281B374F}.Release|Any CPU.Build.0 = Release|Any CPU
	EndGlobalSection
	GlobalSection(SolutionProperties) = preSolution
		HideSolutionNode = FALSE
	EndGlobalSection
	GlobalSection(ExtensibilityGlobals) = postSolution
		SolutionGuid = {768E8F5C-3202-4FCA-8B16-2AF9ABE533DA}
	EndGlobalSection
EndGlobal
