
Microsoft Visual Studio Solution File, Format Version 12.00
# Visual Studio Version 17
VisualStudioVersion = 17.7.34202.233
MinimumVisualStudioVersion = 10.0.40219.1
Project("{FAE04EC0-301F-11D3-BF4B-00C04F79EFBC}") = "1. Logger", "1. Logger\1. Logger.csproj", "{6900D08A-DB76-41BA-B064-D5B3F41FAB7A}"
EndProject
Project("{FAE04EC0-301F-11D3-BF4B-00C04F79EFBC}") = "CustomLogger", "CustomLogger\CustomLogger.csproj", "{D9956331-A45A-4233-AAC4-194FE38B0E93}"
EndProject
Global
	GlobalSection(SolutionConfigurationPlatforms) = preSolution
		Debug|Any CPU = Debug|Any CPU
		Release|Any CPU = Release|Any CPU
	EndGlobalSection
	GlobalSection(ProjectConfigurationPlatforms) = postSolution
		{6900D08A-DB76-41BA-B064-D5B3F41FAB7A}.Debug|Any CPU.ActiveCfg = Debug|Any CPU
		{6900D08A-DB76-41BA-B064-D5B3F41FAB7A}.Debug|Any CPU.Build.0 = Debug|Any CPU
		{6900D08A-DB76-41BA-B064-D5B3F41FAB7A}.Release|Any CPU.ActiveCfg = Release|Any CPU
		{6900D08A-DB76-41BA-B064-D5B3F41FAB7A}.Release|Any CPU.Build.0 = Release|Any CPU
		{D9956331-A45A-4233-AAC4-194FE38B0E93}.Debug|Any CPU.ActiveCfg = Debug|Any CPU
		{D9956331-A45A-4233-AAC4-194FE38B0E93}.Debug|Any CPU.Build.0 = Debug|Any CPU
		{D9956331-A45A-4233-AAC4-194FE38B0E93}.Release|Any CPU.ActiveCfg = Release|Any CPU
		{D9956331-A45A-4233-AAC4-194FE38B0E93}.Release|Any CPU.Build.0 = Release|Any CPU
	EndGlobalSection
	GlobalSection(SolutionProperties) = preSolution
		HideSolutionNode = FALSE
	EndGlobalSection
	GlobalSection(ExtensibilityGlobals) = postSolution
		SolutionGuid = {20F9CDFB-2C8E-4CFC-9BFF-3530E4F41443}
	EndGlobalSection
EndGlobal
