
Microsoft Visual Studio Solution File, Format Version 12.00
# Visual Studio Version 17
VisualStudioVersion = 17.7.34202.233
MinimumVisualStudioVersion = 10.0.40219.1
Project("{FAE04EC0-301F-11D3-BF4B-00C04F79EFBC}") = "Problem 1 – Guinea Pig", "Problem 1 – Guinea Pig\Problem 1 – Guinea Pig.csproj", "{24CE78FB-2679-42D4-8D0D-5735E654FADA}"
EndProject
Project("{FAE04EC0-301F-11D3-BF4B-00C04F79EFBC}") = "Problem 2 – The Lift", "Problem 2 – The Lift\Problem 2 – The Lift.csproj", "{9FBBED0E-B445-4067-996A-738C0E19844A}"
EndProject
Project("{FAE04EC0-301F-11D3-BF4B-00C04F79EFBC}") = "Problem 3 - Moving Target", "Moving Target\Problem 3 - Moving Target.csproj", "{50221E95-795C-4F42-8127-D0359A68E3CF}"
EndProject
Global
	GlobalSection(SolutionConfigurationPlatforms) = preSolution
		Debug|Any CPU = Debug|Any CPU
		Release|Any CPU = Release|Any CPU
	EndGlobalSection
	GlobalSection(ProjectConfigurationPlatforms) = postSolution
		{24CE78FB-2679-42D4-8D0D-5735E654FADA}.Debug|Any CPU.ActiveCfg = Debug|Any CPU
		{24CE78FB-2679-42D4-8D0D-5735E654FADA}.Debug|Any CPU.Build.0 = Debug|Any CPU
		{24CE78FB-2679-42D4-8D0D-5735E654FADA}.Release|Any CPU.ActiveCfg = Release|Any CPU
		{24CE78FB-2679-42D4-8D0D-5735E654FADA}.Release|Any CPU.Build.0 = Release|Any CPU
		{9FBBED0E-B445-4067-996A-738C0E19844A}.Debug|Any CPU.ActiveCfg = Debug|Any CPU
		{9FBBED0E-B445-4067-996A-738C0E19844A}.Debug|Any CPU.Build.0 = Debug|Any CPU
		{9FBBED0E-B445-4067-996A-738C0E19844A}.Release|Any CPU.ActiveCfg = Release|Any CPU
		{9FBBED0E-B445-4067-996A-738C0E19844A}.Release|Any CPU.Build.0 = Release|Any CPU
		{50221E95-795C-4F42-8127-D0359A68E3CF}.Debug|Any CPU.ActiveCfg = Debug|Any CPU
		{50221E95-795C-4F42-8127-D0359A68E3CF}.Debug|Any CPU.Build.0 = Debug|Any CPU
		{50221E95-795C-4F42-8127-D0359A68E3CF}.Release|Any CPU.ActiveCfg = Release|Any CPU
		{50221E95-795C-4F42-8127-D0359A68E3CF}.Release|Any CPU.Build.0 = Release|Any CPU
	EndGlobalSection
	GlobalSection(SolutionProperties) = preSolution
		HideSolutionNode = FALSE
	EndGlobalSection
	GlobalSection(ExtensibilityGlobals) = postSolution
		SolutionGuid = {99D02B1B-8293-44E8-92E3-633430E5B846}
	EndGlobalSection
EndGlobal
