
Microsoft Visual Studio Solution File, Format Version 12.00
# Visual Studio Version 17
VisualStudioVersion = 17.7.34202.233
MinimumVisualStudioVersion = 10.0.40219.1
Project("{FAE04EC0-301F-11D3-BF4B-00C04F79EFBC}") = "Operations", "MathOperations\Operations.csproj", "{59046BA8-BB97-4D1D-BB79-094BA03E4724}"
EndProject
Project("{FAE04EC0-301F-11D3-BF4B-00C04F79EFBC}") = "Animals", "Animals\Animals.csproj", "{452FFBE2-A8CF-4D90-8FCD-520DB41C06B5}"
EndProject
Project("{FAE04EC0-301F-11D3-BF4B-00C04F79EFBC}") = "Shapes", "Shapes\Shapes.csproj", "{EE2F2037-A80F-4797-9740-6A02540C4271}"
EndProject
Global
	GlobalSection(SolutionConfigurationPlatforms) = preSolution
		Debug|Any CPU = Debug|Any CPU
		Release|Any CPU = Release|Any CPU
	EndGlobalSection
	GlobalSection(ProjectConfigurationPlatforms) = postSolution
		{59046BA8-BB97-4D1D-BB79-094BA03E4724}.Debug|Any CPU.ActiveCfg = Debug|Any CPU
		{59046BA8-BB97-4D1D-BB79-094BA03E4724}.Debug|Any CPU.Build.0 = Debug|Any CPU
		{59046BA8-BB97-4D1D-BB79-094BA03E4724}.Release|Any CPU.ActiveCfg = Release|Any CPU
		{59046BA8-BB97-4D1D-BB79-094BA03E4724}.Release|Any CPU.Build.0 = Release|Any CPU
		{452FFBE2-A8CF-4D90-8FCD-520DB41C06B5}.Debug|Any CPU.ActiveCfg = Debug|Any CPU
		{452FFBE2-A8CF-4D90-8FCD-520DB41C06B5}.Debug|Any CPU.Build.0 = Debug|Any CPU
		{452FFBE2-A8CF-4D90-8FCD-520DB41C06B5}.Release|Any CPU.ActiveCfg = Release|Any CPU
		{452FFBE2-A8CF-4D90-8FCD-520DB41C06B5}.Release|Any CPU.Build.0 = Release|Any CPU
		{EE2F2037-A80F-4797-9740-6A02540C4271}.Debug|Any CPU.ActiveCfg = Debug|Any CPU
		{EE2F2037-A80F-4797-9740-6A02540C4271}.Debug|Any CPU.Build.0 = Debug|Any CPU
		{EE2F2037-A80F-4797-9740-6A02540C4271}.Release|Any CPU.ActiveCfg = Release|Any CPU
		{EE2F2037-A80F-4797-9740-6A02540C4271}.Release|Any CPU.Build.0 = Release|Any CPU
	EndGlobalSection
	GlobalSection(SolutionProperties) = preSolution
		HideSolutionNode = FALSE
	EndGlobalSection
	GlobalSection(ExtensibilityGlobals) = postSolution
		SolutionGuid = {3F3F1CCB-8617-458F-A968-162BB333C095}
	EndGlobalSection
EndGlobal
