
Microsoft Visual Studio Solution File, Format Version 12.00
# Visual Studio Version 17
VisualStudioVersion = 17.7.34202.233
MinimumVisualStudioVersion = 10.0.40219.1
Project("{FAE04EC0-301F-11D3-BF4B-00C04F79EFBC}") = "SoftUni", "SoftUni\SoftUni.csproj", "{F47FE1A7-D2C8-4937-BF37-175CE004C27C}"
EndProject
Global
	GlobalSection(SolutionConfigurationPlatforms) = preSolution
		Debug|Any CPU = Debug|Any CPU
		Release|Any CPU = Release|Any CPU
	EndGlobalSection
	GlobalSection(ProjectConfigurationPlatforms) = postSolution
		{F47FE1A7-D2C8-4937-BF37-175CE004C27C}.Debug|Any CPU.ActiveCfg = Debug|Any CPU
		{F47FE1A7-D2C8-4937-BF37-175CE004C27C}.Debug|Any CPU.Build.0 = Debug|Any CPU
		{F47FE1A7-D2C8-4937-BF37-175CE004C27C}.Release|Any CPU.ActiveCfg = Release|Any CPU
		{F47FE1A7-D2C8-4937-BF37-175CE004C27C}.Release|Any CPU.Build.0 = Release|Any CPU
	EndGlobalSection
	GlobalSection(SolutionProperties) = preSolution
		HideSolutionNode = FALSE
	EndGlobalSection
	GlobalSection(ExtensibilityGlobals) = postSolution
		SolutionGuid = {1EEA07B0-47E6-430F-8B4B-97070B9EF07F}
	EndGlobalSection
EndGlobal
