
Microsoft Visual Studio Solution File, Format Version 12.00
# Visual Studio Version 17
VisualStudioVersion = 17.7.34202.233
MinimumVisualStudioVersion = 10.0.40219.1
Project("{FAE04EC0-301F-11D3-BF4B-00C04F79EFBC}") = "Problem 1 – Activation Keys", "Problem 1 – Activation Keys\Problem 1 – Activation Keys.csproj", "{356F8E84-689A-42FF-B8DA-D3C957C16C87}"
EndProject
Project("{FAE04EC0-301F-11D3-BF4B-00C04F79EFBC}") = "test", "test\test.csproj", "{1477EFE5-13E0-4729-925E-FC392B88F197}"
EndProject
Global
	GlobalSection(SolutionConfigurationPlatforms) = preSolution
		Debug|Any CPU = Debug|Any CPU
		Release|Any CPU = Release|Any CPU
	EndGlobalSection
	GlobalSection(ProjectConfigurationPlatforms) = postSolution
		{356F8E84-689A-42FF-B8DA-D3C957C16C87}.Debug|Any CPU.ActiveCfg = Debug|Any CPU
		{356F8E84-689A-42FF-B8DA-D3C957C16C87}.Debug|Any CPU.Build.0 = Debug|Any CPU
		{356F8E84-689A-42FF-B8DA-D3C957C16C87}.Release|Any CPU.ActiveCfg = Release|Any CPU
		{356F8E84-689A-42FF-B8DA-D3C957C16C87}.Release|Any CPU.Build.0 = Release|Any CPU
		{1477EFE5-13E0-4729-925E-FC392B88F197}.Debug|Any CPU.ActiveCfg = Debug|Any CPU
		{1477EFE5-13E0-4729-925E-FC392B88F197}.Debug|Any CPU.Build.0 = Debug|Any CPU
		{1477EFE5-13E0-4729-925E-FC392B88F197}.Release|Any CPU.ActiveCfg = Release|Any CPU
		{1477EFE5-13E0-4729-925E-FC392B88F197}.Release|Any CPU.Build.0 = Release|Any CPU
	EndGlobalSection
	GlobalSection(SolutionProperties) = preSolution
		HideSolutionNode = FALSE
	EndGlobalSection
	GlobalSection(ExtensibilityGlobals) = postSolution
		SolutionGuid = {D106DBA8-3B22-45DF-BF3E-C2CEE0B55A94}
	EndGlobalSection
EndGlobal
