
Microsoft Visual Studio Solution File, Format Version 12.00
# Visual Studio Version 17
VisualStudioVersion = 17.7.34202.233
MinimumVisualStudioVersion = 10.0.40219.1
Project("{FAE04EC0-301F-11D3-BF4B-00C04F79EFBC}") = "1. Diagonal Difference", "1. Diagonal Difference\1. Diagonal Difference.csproj", "{6609C590-849B-44E5-B043-7F179C00C98A}"
EndProject
Project("{FAE04EC0-301F-11D3-BF4B-00C04F79EFBC}") = "2. Squares in Matrix", "2. Squares in Matrix\2. Squares in Matrix.csproj", "{E0BD300D-4251-4211-A4C7-FBCD86ED86EB}"
EndProject
Project("{FAE04EC0-301F-11D3-BF4B-00C04F79EFBC}") = "3. Maximal Sum", "3. Maximal Sum\3. Maximal Sum.csproj", "{B4ED8279-7FC9-48FE-A205-ACAD7A9A25C5}"
EndProject
Project("{FAE04EC0-301F-11D3-BF4B-00C04F79EFBC}") = "4. Matrix Shuffling", "4. Matrix Shuffling\4. Matrix Shuffling.csproj", "{FACFFD3A-9B78-4434-9367-BB83E0F988E5}"
EndProject
Project("{FAE04EC0-301F-11D3-BF4B-00C04F79EFBC}") = "5. Snake Moves", "5. Snake Moves\5. Snake Moves.csproj", "{E6D41E76-31BB-4840-B1AE-2A3F72340D73}"
EndProject
Project("{FAE04EC0-301F-11D3-BF4B-00C04F79EFBC}") = "6. Jagged Array Manipulator", "6. Jagged Array Manipulator\6. Jagged Array Manipulator.csproj", "{1FB7BE61-651D-4395-BADD-F49074513014}"
EndProject
Global
	GlobalSection(SolutionConfigurationPlatforms) = preSolution
		Debug|Any CPU = Debug|Any CPU
		Release|Any CPU = Release|Any CPU
	EndGlobalSection
	GlobalSection(ProjectConfigurationPlatforms) = postSolution
		{6609C590-849B-44E5-B043-7F179C00C98A}.Debug|Any CPU.ActiveCfg = Debug|Any CPU
		{6609C590-849B-44E5-B043-7F179C00C98A}.Debug|Any CPU.Build.0 = Debug|Any CPU
		{6609C590-849B-44E5-B043-7F179C00C98A}.Release|Any CPU.ActiveCfg = Release|Any CPU
		{6609C590-849B-44E5-B043-7F179C00C98A}.Release|Any CPU.Build.0 = Release|Any CPU
		{E0BD300D-4251-4211-A4C7-FBCD86ED86EB}.Debug|Any CPU.ActiveCfg = Debug|Any CPU
		{E0BD300D-4251-4211-A4C7-FBCD86ED86EB}.Debug|Any CPU.Build.0 = Debug|Any CPU
		{E0BD300D-4251-4211-A4C7-FBCD86ED86EB}.Release|Any CPU.ActiveCfg = Release|Any CPU
		{E0BD300D-4251-4211-A4C7-FBCD86ED86EB}.Release|Any CPU.Build.0 = Release|Any CPU
		{B4ED8279-7FC9-48FE-A205-ACAD7A9A25C5}.Debug|Any CPU.ActiveCfg = Debug|Any CPU
		{B4ED8279-7FC9-48FE-A205-ACAD7A9A25C5}.Debug|Any CPU.Build.0 = Debug|Any CPU
		{B4ED8279-7FC9-48FE-A205-ACAD7A9A25C5}.Release|Any CPU.ActiveCfg = Release|Any CPU
		{B4ED8279-7FC9-48FE-A205-ACAD7A9A25C5}.Release|Any CPU.Build.0 = Release|Any CPU
		{FACFFD3A-9B78-4434-9367-BB83E0F988E5}.Debug|Any CPU.ActiveCfg = Debug|Any CPU
		{FACFFD3A-9B78-4434-9367-BB83E0F988E5}.Debug|Any CPU.Build.0 = Debug|Any CPU
		{FACFFD3A-9B78-4434-9367-BB83E0F988E5}.Release|Any CPU.ActiveCfg = Release|Any CPU
		{FACFFD3A-9B78-4434-9367-BB83E0F988E5}.Release|Any CPU.Build.0 = Release|Any CPU
		{E6D41E76-31BB-4840-B1AE-2A3F72340D73}.Debug|Any CPU.ActiveCfg = Debug|Any CPU
		{E6D41E76-31BB-4840-B1AE-2A3F72340D73}.Debug|Any CPU.Build.0 = Debug|Any CPU
		{E6D41E76-31BB-4840-B1AE-2A3F72340D73}.Release|Any CPU.ActiveCfg = Release|Any CPU
		{E6D41E76-31BB-4840-B1AE-2A3F72340D73}.Release|Any CPU.Build.0 = Release|Any CPU
		{1FB7BE61-651D-4395-BADD-F49074513014}.Debug|Any CPU.ActiveCfg = Debug|Any CPU
		{1FB7BE61-651D-4395-BADD-F49074513014}.Debug|Any CPU.Build.0 = Debug|Any CPU
		{1FB7BE61-651D-4395-BADD-F49074513014}.Release|Any CPU.ActiveCfg = Release|Any CPU
		{1FB7BE61-651D-4395-BADD-F49074513014}.Release|Any CPU.Build.0 = Release|Any CPU
	EndGlobalSection
	GlobalSection(SolutionProperties) = preSolution
		HideSolutionNode = FALSE
	EndGlobalSection
	GlobalSection(ExtensibilityGlobals) = postSolution
		SolutionGuid = {8117BBAE-C413-4381-AFC7-409BFF1BBE1F}
	EndGlobalSection
EndGlobal
